
Microsoft Visual Studio Solution File, Format Version 12.00
Project("{FAE04EC0-301F-11D3-BF4B-00C04F79EFBC}") = "AGIEvents.App", "AGIEvents.App\AGIEvents.App.csproj", "{64B1684D-E711-4CF2-B896-E48F45816930}"
EndProject
Global
	GlobalSection(SolutionConfigurationPlatforms) = preSolution
		Debug|Any CPU = Debug|Any CPU
		Release|Any CPU = Release|Any CPU
	EndGlobalSection
	GlobalSection(ProjectConfigurationPlatforms) = postSolution
		{64B1684D-E711-4CF2-B896-E48F45816930}.Debug|Any CPU.ActiveCfg = Debug|Any CPU
		{64B1684D-E711-4CF2-B896-E48F45816930}.Debug|Any CPU.Build.0 = Debug|Any CPU
		{64B1684D-E711-4CF2-B896-E48F45816930}.Release|Any CPU.ActiveCfg = Release|Any CPU
		{64B1684D-E711-4CF2-B896-E48F45816930}.Release|Any CPU.Build.0 = Release|Any CPU
	EndGlobalSection
EndGlobal
